// !$*UTF8*$!
{
	archiveVersion = 1;
	classes = {
	};
	objectVersion = 51;
	objects = {

/* Begin PBXBuildFile section */
		73DB6D22438B301A22BD03FC /* Pods_FlashChat.framework in Frameworks */ = {isa = PBXBuildFile; fileRef = 92C80C0581EB1FF382DAC5D8 /* Pods_FlashChat.framework */; };
		AC02E88624D5E4A2004D76B1 /* AppDelegate.swift in Sources */ = {isa = PBXBuildFile; fileRef = AC02E88524D5E4A2004D76B1 /* AppDelegate.swift */; };
		AC02E88824D5E4A2004D76B1 /* SceneDelegate.swift in Sources */ = {isa = PBXBuildFile; fileRef = AC02E88724D5E4A2004D76B1 /* SceneDelegate.swift */; };
		AC02E88A24D5E4A2004D76B1 /* WelcomeViewController.swift in Sources */ = {isa = PBXBuildFile; fileRef = AC02E88924D5E4A2004D76B1 /* WelcomeViewController.swift */; };
		AC02E88D24D5E4A2004D76B1 /* Main.storyboard in Resources */ = {isa = PBXBuildFile; fileRef = AC02E88B24D5E4A2004D76B1 /* Main.storyboard */; };
		AC02E88F24D5E4A3004D76B1 /* Assets.xcassets in Resources */ = {isa = PBXBuildFile; fileRef = AC02E88E24D5E4A3004D76B1 /* Assets.xcassets */; };
		AC02E89224D5E4A3004D76B1 /* LaunchScreen.storyboard in Resources */ = {isa = PBXBuildFile; fileRef = AC02E89024D5E4A3004D76B1 /* LaunchScreen.storyboard */; };
		AC02E89D24D5EC2E004D76B1 /* RegisterViewController.swift in Sources */ = {isa = PBXBuildFile; fileRef = AC02E89C24D5EC2E004D76B1 /* RegisterViewController.swift */; };
		AC02E89F24D5EC40004D76B1 /* LoginViewController.swift in Sources */ = {isa = PBXBuildFile; fileRef = AC02E89E24D5EC40004D76B1 /* LoginViewController.swift */; };
		AC02E8A124D5EE9A004D76B1 /* ChatViewController.swift in Sources */ = {isa = PBXBuildFile; fileRef = AC02E8A024D5EE9A004D76B1 /* ChatViewController.swift */; };
		AC50B53824DAE0B40049FAAC /* MessageTableViewCell.swift in Sources */ = {isa = PBXBuildFile; fileRef = AC50B53624DAE0B40049FAAC /* MessageTableViewCell.swift */; };
		AC50B53924DAE0B40049FAAC /* MessageTableViewCell.xib in Resources */ = {isa = PBXBuildFile; fileRef = AC50B53724DAE0B40049FAAC /* MessageTableViewCell.xib */; };
		ACA613FF24DA2BEC00A550CF /* Message.swift in Sources */ = {isa = PBXBuildFile; fileRef = ACA613FE24DA2BEC00A550CF /* Message.swift */; };
		ACB2830624D7D148003DA026 /* Constants.swift in Sources */ = {isa = PBXBuildFile; fileRef = ACB2830524D7D148003DA026 /* Constants.swift */; };
		ACB2830A24D7D522003DA026 /* GoogleService-Info.plist in Resources */ = {isa = PBXBuildFile; fileRef = ACB2830924D7D522003DA026 /* GoogleService-Info.plist */; };
/* End PBXBuildFile section */

/* Begin PBXFileReference section */
		49153C2C3217336E77C0081A /* Pods-FlashChat.release.xcconfig */ = {isa = PBXFileReference; includeInIndex = 1; lastKnownFileType = text.xcconfig; name = "Pods-FlashChat.release.xcconfig"; path = "Target Support Files/Pods-FlashChat/Pods-FlashChat.release.xcconfig"; sourceTree = "<group>"; };
		615822876E7F8A1A3A2546B2 /* Pods-FlashChat.debug.xcconfig */ = {isa = PBXFileReference; includeInIndex = 1; lastKnownFileType = text.xcconfig; name = "Pods-FlashChat.debug.xcconfig"; path = "Target Support Files/Pods-FlashChat/Pods-FlashChat.debug.xcconfig"; sourceTree = "<group>"; };
		92C80C0581EB1FF382DAC5D8 /* Pods_FlashChat.framework */ = {isa = PBXFileReference; explicitFileType = wrapper.framework; includeInIndex = 0; path = Pods_FlashChat.framework; sourceTree = BUILT_PRODUCTS_DIR; };
		AC02E88224D5E4A2004D76B1 /* FlashChat.app */ = {isa = PBXFileReference; explicitFileType = wrapper.application; includeInIndex = 0; path = FlashChat.app; sourceTree = BUILT_PRODUCTS_DIR; };
		AC02E88524D5E4A2004D76B1 /* AppDelegate.swift */ = {isa = PBXFileReference; lastKnownFileType = sourcecode.swift; path = AppDelegate.swift; sourceTree = "<group>"; };
		AC02E88724D5E4A2004D76B1 /* SceneDelegate.swift */ = {isa = PBXFileReference; lastKnownFileType = sourcecode.swift; path = SceneDelegate.swift; sourceTree = "<group>"; };
		AC02E88924D5E4A2004D76B1 /* WelcomeViewController.swift */ = {isa = PBXFileReference; lastKnownFileType = sourcecode.swift; path = WelcomeViewController.swift; sourceTree = "<group>"; };
		AC02E88C24D5E4A2004D76B1 /* Base */ = {isa = PBXFileReference; lastKnownFileType = file.storyboard; name = Base; path = Base.lproj/Main.storyboard; sourceTree = "<group>"; };
		AC02E88E24D5E4A3004D76B1 /* Assets.xcassets */ = {isa = PBXFileReference; lastKnownFileType = folder.assetcatalog; path = Assets.xcassets; sourceTree = "<group>"; };
		AC02E89124D5E4A3004D76B1 /* Base */ = {isa = PBXFileReference; lastKnownFileType = file.storyboard; name = Base; path = Base.lproj/LaunchScreen.storyboard; sourceTree = "<group>"; };
		AC02E89324D5E4A3004D76B1 /* Info.plist */ = {isa = PBXFileReference; lastKnownFileType = text.plist.xml; path = Info.plist; sourceTree = "<group>"; };
		AC02E89C24D5EC2E004D76B1 /* RegisterViewController.swift */ = {isa = PBXFileReference; lastKnownFileType = sourcecode.swift; path = RegisterViewController.swift; sourceTree = "<group>"; };
		AC02E89E24D5EC40004D76B1 /* LoginViewController.swift */ = {isa = PBXFileReference; lastKnownFileType = sourcecode.swift; path = LoginViewController.swift; sourceTree = "<group>"; };
		AC02E8A024D5EE9A004D76B1 /* ChatViewController.swift */ = {isa = PBXFileReference; lastKnownFileType = sourcecode.swift; path = ChatViewController.swift; sourceTree = "<group>"; };
		AC50B53624DAE0B40049FAAC /* MessageTableViewCell.swift */ = {isa = PBXFileReference; lastKnownFileType = sourcecode.swift; path = MessageTableViewCell.swift; sourceTree = "<group>"; };
		AC50B53724DAE0B40049FAAC /* MessageTableViewCell.xib */ = {isa = PBXFileReference; lastKnownFileType = file.xib; path = MessageTableViewCell.xib; sourceTree = "<group>"; };
		ACA613FE24DA2BEC00A550CF /* Message.swift */ = {isa = PBXFileReference; lastKnownFileType = sourcecode.swift; path = Message.swift; sourceTree = "<group>"; };
		ACB2830524D7D148003DA026 /* Constants.swift */ = {isa = PBXFileReference; lastKnownFileType = sourcecode.swift; path = Constants.swift; sourceTree = "<group>"; };
		ACB2830924D7D522003DA026 /* GoogleService-Info.plist */ = {isa = PBXFileReference; fileEncoding = 4; lastKnownFileType = text.plist.xml; path = "GoogleService-Info.plist"; sourceTree = "<group>"; };
/* End PBXFileReference section */

/* Begin PBXFrameworksBuildPhase section */
		AC02E87F24D5E4A2004D76B1 /* Frameworks */ = {
			isa = PBXFrameworksBuildPhase;
			buildActionMask = 2147483647;
			files = (
				73DB6D22438B301A22BD03FC /* Pods_FlashChat.framework in Frameworks */,
			);
			runOnlyForDeploymentPostprocessing = 0;
		};
/* End PBXFrameworksBuildPhase section */

/* Begin PBXGroup section */
		7632226E644B80F72D8CE11A /* Frameworks */ = {
			isa = PBXGroup;
			children = (
				92C80C0581EB1FF382DAC5D8 /* Pods_FlashChat.framework */,
			);
			name = Frameworks;
			sourceTree = "<group>";
		};
		8EC3AB1F623DA7E7CAD65969 /* Pods */ = {
			isa = PBXGroup;
			children = (
				615822876E7F8A1A3A2546B2 /* Pods-FlashChat.debug.xcconfig */,
				49153C2C3217336E77C0081A /* Pods-FlashChat.release.xcconfig */,
			);
			path = Pods;
			sourceTree = "<group>";
		};
		AC02E87924D5E4A2004D76B1 = {
			isa = PBXGroup;
			children = (
				AC02E88424D5E4A2004D76B1 /* FlashChat */,
				AC02E88324D5E4A2004D76B1 /* Products */,
				8EC3AB1F623DA7E7CAD65969 /* Pods */,
				7632226E644B80F72D8CE11A /* Frameworks */,
			);
			sourceTree = "<group>";
		};
		AC02E88324D5E4A2004D76B1 /* Products */ = {
			isa = PBXGroup;
			children = (
				AC02E88224D5E4A2004D76B1 /* FlashChat.app */,
			);
			name = Products;
			sourceTree = "<group>";
		};
		AC02E88424D5E4A2004D76B1 /* FlashChat */ = {
			isa = PBXGroup;
			children = (
				AC02E88524D5E4A2004D76B1 /* AppDelegate.swift */,
				AC02E88724D5E4A2004D76B1 /* SceneDelegate.swift */,
				AC02E89B24D5E58D004D76B1 /* Model */,
				AC02E89A24D5E581004D76B1 /* Controller */,
				AC02E89924D5E56B004D76B1 /* View */,
				AC02E88E24D5E4A3004D76B1 /* Assets.xcassets */,
				AC02E89324D5E4A3004D76B1 /* Info.plist */,
				ACB2830924D7D522003DA026 /* GoogleService-Info.plist */,
			);
			path = FlashChat;
			sourceTree = "<group>";
		};
		AC02E89924D5E56B004D76B1 /* View */ = {
			isa = PBXGroup;
			children = (
				AC02E88B24D5E4A2004D76B1 /* Main.storyboard */,
				AC02E89024D5E4A3004D76B1 /* LaunchScreen.storyboard */,
				AC50B53724DAE0B40049FAAC /* MessageTableViewCell.xib */,
			);
			path = View;
			sourceTree = "<group>";
		};
		AC02E89A24D5E581004D76B1 /* Controller */ = {
			isa = PBXGroup;
			children = (
				AC02E88924D5E4A2004D76B1 /* WelcomeViewController.swift */,
				AC02E89C24D5EC2E004D76B1 /* RegisterViewController.swift */,
				AC02E89E24D5EC40004D76B1 /* LoginViewController.swift */,
				AC02E8A024D5EE9A004D76B1 /* ChatViewController.swift */,
				AC50B53624DAE0B40049FAAC /* MessageTableViewCell.swift */,
			);
			path = Controller;
			sourceTree = "<group>";
		};
		AC02E89B24D5E58D004D76B1 /* Model */ = {
			isa = PBXGroup;
			children = (
				ACB2830524D7D148003DA026 /* Constants.swift */,
				ACA613FE24DA2BEC00A550CF /* Message.swift */,
			);
			path = Model;
			sourceTree = "<group>";
		};
/* End PBXGroup section */

/* Begin PBXNativeTarget section */
		AC02E88124D5E4A2004D76B1 /* FlashChat */ = {
			isa = PBXNativeTarget;
			buildConfigurationList = AC02E89624D5E4A3004D76B1 /* Build configuration list for PBXNativeTarget "FlashChat" */;
			buildPhases = (
				8B46BDB0CEF583875FA46B9D /* [CP] Check Pods Manifest.lock */,
				AC02E87E24D5E4A2004D76B1 /* Sources */,
				AC02E87F24D5E4A2004D76B1 /* Frameworks */,
				AC02E88024D5E4A2004D76B1 /* Resources */,
				0DC50C9A9F4CA88954713281 /* [CP] Embed Pods Frameworks */,
			);
			buildRules = (
			);
			dependencies = (
			);
			name = FlashChat;
			productName = FlashChat;
			productReference = AC02E88224D5E4A2004D76B1 /* FlashChat.app */;
			productType = "com.apple.product-type.application";
		};
/* End PBXNativeTarget section */

/* Begin PBXProject section */
		AC02E87A24D5E4A2004D76B1 /* Project object */ = {
			isa = PBXProject;
			attributes = {
				LastSwiftUpdateCheck = 1160;
				LastUpgradeCheck = 1160;
				ORGANIZATIONNAME = "Alexandre Robaert";
				TargetAttributes = {
					AC02E88124D5E4A2004D76B1 = {
						CreatedOnToolsVersion = 11.6;
					};
				};
			};
			buildConfigurationList = AC02E87D24D5E4A2004D76B1 /* Build configuration list for PBXProject "FlashChat" */;
			compatibilityVersion = "Xcode 9.3";
			developmentRegion = en;
			hasScannedForEncodings = 0;
			knownRegions = (
				en,
				Base,
			);
			mainGroup = AC02E87924D5E4A2004D76B1;
			productRefGroup = AC02E88324D5E4A2004D76B1 /* Products */;
			projectDirPath = "";
			projectRoot = "";
			targets = (
				AC02E88124D5E4A2004D76B1 /* FlashChat */,
			);
		};
/* End PBXProject section */

/* Begin PBXResourcesBuildPhase section */
		AC02E88024D5E4A2004D76B1 /* Resources */ = {
			isa = PBXResourcesBuildPhase;
			buildActionMask = 2147483647;
			files = (
				AC02E89224D5E4A3004D76B1 /* LaunchScreen.storyboard in Resources */,
				ACB2830A24D7D522003DA026 /* GoogleService-Info.plist in Resources */,
				AC50B53924DAE0B40049FAAC /* MessageTableViewCell.xib in Resources */,
				AC02E88F24D5E4A3004D76B1 /* Assets.xcassets in Resources */,
				AC02E88D24D5E4A2004D76B1 /* Main.storyboard in Resources */,
			);
			runOnlyForDeploymentPostprocessing = 0;
		};
/* End PBXResourcesBuildPhase section */

/* Begin PBXShellScriptBuildPhase section */
		0DC50C9A9F4CA88954713281 /* [CP] Embed Pods Frameworks */ = {
			isa = PBXShellScriptBuildPhase;
			buildActionMask = 2147483647;
			files = (
			);
			inputFileListPaths = (
				"${PODS_ROOT}/Target Support Files/Pods-FlashChat/Pods-FlashChat-frameworks-${CONFIGURATION}-input-files.xcfilelist",
			);
			name = "[CP] Embed Pods Frameworks";
			outputFileListPaths = (
				"${PODS_ROOT}/Target Support Files/Pods-FlashChat/Pods-FlashChat-frameworks-${CONFIGURATION}-output-files.xcfilelist",
			);
			runOnlyForDeploymentPostprocessing = 0;
			shellPath = /bin/sh;
			shellScript = "\"${PODS_ROOT}/Target Support Files/Pods-FlashChat/Pods-FlashChat-frameworks.sh\"\n";
			showEnvVarsInLog = 0;
		};
		8B46BDB0CEF583875FA46B9D /* [CP] Check Pods Manifest.lock */ = {
			isa = PBXShellScriptBuildPhase;
			buildActionMask = 2147483647;
			files = (
			);
			inputFileListPaths = (
			);
			inputPaths = (
				"${PODS_PODFILE_DIR_PATH}/Podfile.lock",
				"${PODS_ROOT}/Manifest.lock",
			);
			name = "[CP] Check Pods Manifest.lock";
			outputFileListPaths = (
			);
			outputPaths = (
				"$(DERIVED_FILE_DIR)/Pods-FlashChat-checkManifestLockResult.txt",
			);
			runOnlyForDeploymentPostprocessing = 0;
			shellPath = /bin/sh;
			shellScript = "diff \"${PODS_PODFILE_DIR_PATH}/Podfile.lock\" \"${PODS_ROOT}/Manifest.lock\" > /dev/null\nif [ $? != 0 ] ; then\n    # print error to STDERR\n    echo \"error: The sandbox is not in sync with the Podfile.lock. Run 'pod install' or update your CocoaPods installation.\" >&2\n    exit 1\nfi\n# This output is used by Xcode 'outputs' to avoid re-running this script phase.\necho \"SUCCESS\" > \"${SCRIPT_OUTPUT_FILE_0}\"\n";
			showEnvVarsInLog = 0;
		};
/* End PBXShellScriptBuildPhase section */

/* Begin PBXSourcesBuildPhase section */
		AC02E87E24D5E4A2004D76B1 /* Sources */ = {
			isa = PBXSourcesBuildPhase;
			buildActionMask = 2147483647;
			files = (
				AC02E88A24D5E4A2004D76B1 /* WelcomeViewController.swift in Sources */,
				AC02E88624D5E4A2004D76B1 /* AppDelegate.swift in Sources */,
				AC50B53824DAE0B40049FAAC /* MessageTableViewCell.swift in Sources */,
				AC02E88824D5E4A2004D76B1 /* SceneDelegate.swift in Sources */,
				AC02E89F24D5EC40004D76B1 /* LoginViewController.swift in Sources */,
				ACB2830624D7D148003DA026 /* Constants.swift in Sources */,
				ACA613FF24DA2BEC00A550CF /* Message.swift in Sources */,
				AC02E8A124D5EE9A004D76B1 /* ChatViewController.swift in Sources */,
				AC02E89D24D5EC2E004D76B1 /* RegisterViewController.swift in Sources */,
			);
			runOnlyForDeploymentPostprocessing = 0;
		};
/* End PBXSourcesBuildPhase section */

/* Begin PBXVariantGroup section */
		AC02E88B24D5E4A2004D76B1 /* Main.storyboard */ = {
			isa = PBXVariantGroup;
			children = (
				AC02E88C24D5E4A2004D76B1 /* Base */,
			);
			name = Main.storyboard;
			sourceTree = "<group>";
		};
		AC02E89024D5E4A3004D76B1 /* LaunchScreen.storyboard */ = {
			isa = PBXVariantGroup;
			children = (
				AC02E89124D5E4A3004D76B1 /* Base */,
			);
			name = LaunchScreen.storyboard;
			sourceTree = "<group>";
		};
/* End PBXVariantGroup section */

/* Begin XCBuildConfiguration section */
		AC02E89424D5E4A3004D76B1 /* Debug */ = {
			isa = XCBuildConfiguration;
			buildSettings = {
				ALWAYS_SEARCH_USER_PATHS = NO;
				CLANG_ANALYZER_NONNULL = YES;
				CLANG_ANALYZER_NUMBER_OBJECT_CONVERSION = YES_AGGRESSIVE;
				CLANG_CXX_LANGUAGE_STANDARD = "gnu++14";
				CLANG_CXX_LIBRARY = "libc++";
				CLANG_ENABLE_MODULES = YES;
				CLANG_ENABLE_OBJC_ARC = YES;
				CLANG_ENABLE_OBJC_WEAK = YES;
				CLANG_WARN_BLOCK_CAPTURE_AUTORELEASING = YES;
				CLANG_WARN_BOOL_CONVERSION = YES;
				CLANG_WARN_COMMA = YES;
				CLANG_WARN_CONSTANT_CONVERSION = YES;
				CLANG_WARN_DEPRECATED_OBJC_IMPLEMENTATIONS = YES;
				CLANG_WARN_DIRECT_OBJC_ISA_USAGE = YES_ERROR;
				CLANG_WARN_DOCUMENTATION_COMMENTS = YES;
				CLANG_WARN_EMPTY_BODY = YES;
				CLANG_WARN_ENUM_CONVERSION = YES;
				CLANG_WARN_INFINITE_RECURSION = YES;
				CLANG_WARN_INT_CONVERSION = YES;
				CLANG_WARN_NON_LITERAL_NULL_CONVERSION = YES;
				CLANG_WARN_OBJC_IMPLICIT_RETAIN_SELF = YES;
				CLANG_WARN_OBJC_LITERAL_CONVERSION = YES;
				CLANG_WARN_OBJC_ROOT_CLASS = YES_ERROR;
				CLANG_WARN_RANGE_LOOP_ANALYSIS = YES;
				CLANG_WARN_STRICT_PROTOTYPES = YES;
				CLANG_WARN_SUSPICIOUS_MOVE = YES;
				CLANG_WARN_UNGUARDED_AVAILABILITY = YES_AGGRESSIVE;
				CLANG_WARN_UNREACHABLE_CODE = YES;
				CLANG_WARN__DUPLICATE_METHOD_MATCH = YES;
				COPY_PHASE_STRIP = NO;
				DEBUG_INFORMATION_FORMAT = dwarf;
				ENABLE_STRICT_OBJC_MSGSEND = YES;
				ENABLE_TESTABILITY = YES;
				GCC_C_LANGUAGE_STANDARD = gnu11;
				GCC_DYNAMIC_NO_PIC = NO;
				GCC_NO_COMMON_BLOCKS = YES;
				GCC_OPTIMIZATION_LEVEL = 0;
				GCC_PREPROCESSOR_DEFINITIONS = (
					"DEBUG=1",
					"$(inherited)",
				);
				GCC_WARN_64_TO_32_BIT_CONVERSION = YES;
				GCC_WARN_ABOUT_RETURN_TYPE = YES_ERROR;
				GCC_WARN_UNDECLARED_SELECTOR = YES;
				GCC_WARN_UNINITIALIZED_AUTOS = YES_AGGRESSIVE;
				GCC_WARN_UNUSED_FUNCTION = YES;
				GCC_WARN_UNUSED_VARIABLE = YES;
				IPHONEOS_DEPLOYMENT_TARGET = 13.0;
				MTL_ENABLE_DEBUG_INFO = INCLUDE_SOURCE;
				MTL_FAST_MATH = YES;
				ONLY_ACTIVE_ARCH = YES;
				SDKROOT = iphoneos;
				SWIFT_ACTIVE_COMPILATION_CONDITIONS = DEBUG;
				SWIFT_OPTIMIZATION_LEVEL = "-Onone";
			};
			name = Debug;
		};
		AC02E89524D5E4A3004D76B1 /* Release */ = {
			isa = XCBuildConfiguration;
			buildSettings = {
				ALWAYS_SEARCH_USER_PATHS = NO;
				CLANG_ANALYZER_NONNULL = YES;
				CLANG_ANALYZER_NUMBER_OBJECT_CONVERSION = YES_AGGRESSIVE;
				CLANG_CXX_LANGUAGE_STANDARD = "gnu++14";
				CLANG_CXX_LIBRARY = "libc++";
				CLANG_ENABLE_MODULES = YES;
				CLANG_ENABLE_OBJC_ARC = YES;
				CLANG_ENABLE_OBJC_WEAK = YES;
				CLANG_WARN_BLOCK_CAPTURE_AUTORELEASING = YES;
				CLANG_WARN_BOOL_CONVERSION = YES;
				CLANG_WARN_COMMA = YES;
				CLANG_WARN_CONSTANT_CONVERSION = YES;
				CLANG_WARN_DEPRECATED_OBJC_IMPLEMENTATIONS = YES;
				CLANG_WARN_DIRECT_OBJC_ISA_USAGE = YES_ERROR;
				CLANG_WARN_DOCUMENTATION_COMMENTS = YES;
				CLANG_WARN_EMPTY_BODY = YES;
				CLANG_WARN_ENUM_CONVERSION = YES;
				CLANG_WARN_INFINITE_RECURSION = YES;
				CLANG_WARN_INT_CONVERSION = YES;
				CLANG_WARN_NON_LITERAL_NULL_CONVERSION = YES;
				CLANG_WARN_OBJC_IMPLICIT_RETAIN_SELF = YES;
				CLANG_WARN_OBJC_LITERAL_CONVERSION = YES;
				CLANG_WARN_OBJC_ROOT_CLASS = YES_ERROR;
				CLANG_WARN_RANGE_LOOP_ANALYSIS = YES;
				CLANG_WARN_STRICT_PROTOTYPES = YES;
				CLANG_WARN_SUSPICIOUS_MOVE = YES;
				CLANG_WARN_UNGUARDED_AVAILABILITY = YES_AGGRESSIVE;
				CLANG_WARN_UNREACHABLE_CODE = YES;
				CLANG_WARN__DUPLICATE_METHOD_MATCH = YES;
				COPY_PHASE_STRIP = NO;
				DEBUG_INFORMATION_FORMAT = "dwarf-with-dsym";
				ENABLE_NS_ASSERTIONS = NO;
				ENABLE_STRICT_OBJC_MSGSEND = YES;
				GCC_C_LANGUAGE_STANDARD = gnu11;
				GCC_NO_COMMON_BLOCKS = YES;
				GCC_WARN_64_TO_32_BIT_CONVERSION = YES;
				GCC_WARN_ABOUT_RETURN_TYPE = YES_ERROR;
				GCC_WARN_UNDECLARED_SELECTOR = YES;
				GCC_WARN_UNINITIALIZED_AUTOS = YES_AGGRESSIVE;
				GCC_WARN_UNUSED_FUNCTION = YES;
				GCC_WARN_UNUSED_VARIABLE = YES;
				IPHONEOS_DEPLOYMENT_TARGET = 13.0;
				MTL_ENABLE_DEBUG_INFO = NO;
				MTL_FAST_MATH = YES;
				SDKROOT = iphoneos;
				SWIFT_COMPILATION_MODE = wholemodule;
				SWIFT_OPTIMIZATION_LEVEL = "-O";
				VALIDATE_PRODUCT = YES;
			};
			name = Release;
		};
		AC02E89724D5E4A3004D76B1 /* Debug */ = {
			isa = XCBuildConfiguration;
			baseConfigurationReference = 615822876E7F8A1A3A2546B2 /* Pods-FlashChat.debug.xcconfig */;
			buildSettings = {
				ASSETCATALOG_COMPILER_APPICON_NAME = AppIcon;
				CODE_SIGN_STYLE = Automatic;
				DEVELOPMENT_TEAM = KY9KTSK9G3;
				INFOPLIST_FILE = FlashChat/Info.plist;
				IPHONEOS_DEPLOYMENT_TARGET = 13.0;
				LD_RUNPATH_SEARCH_PATHS = (
					"$(inherited)",
					"@executable_path/Frameworks",
				);
				PRODUCT_BUNDLE_IDENTIFIER = com.robaert.alexandre.FlashChat;
				PRODUCT_NAME = "$(TARGET_NAME)";
				SWIFT_VERSION = 5.0;
				TARGETED_DEVICE_FAMILY = "1,2";
			};
			name = Debug;
		};
		AC02E89824D5E4A3004D76B1 /* Release */ = {
			isa = XCBuildConfiguration;
			baseConfigurationReference = 49153C2C3217336E77C0081A /* Pods-FlashChat.release.xcconfig */;
			buildSettings = {
				ASSETCATALOG_COMPILER_APPICON_NAME = AppIcon;
				CODE_SIGN_STYLE = Automatic;
				DEVELOPMENT_TEAM = KY9KTSK9G3;
				INFOPLIST_FILE = FlashChat/Info.plist;
				IPHONEOS_DEPLOYMENT_TARGET = 13.0;
				LD_RUNPATH_SEARCH_PATHS = (
					"$(inherited)",
					"@executable_path/Frameworks",
				);
				PRODUCT_BUNDLE_IDENTIFIER = com.robaert.alexandre.FlashChat;
				PRODUCT_NAME = "$(TARGET_NAME)";
				SWIFT_VERSION = 5.0;
				TARGETED_DEVICE_FAMILY = "1,2";
			};
			name = Release;
		};
/* End XCBuildConfiguration section */

/* Begin XCConfigurationList section */
		AC02E87D24D5E4A2004D76B1 /* Build configuration list for PBXProject "FlashChat" */ = {
			isa = XCConfigurationList;
			buildConfigurations = (
				AC02E89424D5E4A3004D76B1 /* Debug */,
				AC02E89524D5E4A3004D76B1 /* Release */,
			);
			defaultConfigurationIsVisible = 0;
			defaultConfigurationName = Release;
		};
		AC02E89624D5E4A3004D76B1 /* Build configuration list for PBXNativeTarget "FlashChat" */ = {
			isa = XCConfigurationList;
			buildConfigurations = (
				AC02E89724D5E4A3004D76B1 /* Debug */,
				AC02E89824D5E4A3004D76B1 /* Release */,
			);
			defaultConfigurationIsVisible = 0;
			defaultConfigurationName = Release;
		};
/* End XCConfigurationList section */
	};
	rootObject = AC02E87A24D5E4A2004D76B1 /* Project object */;
}
